// !$*UTF8*$!
{
	archiveVersion = 1;
	classes = {
	};
	objectVersion = 56;
	objects = {

/* Begin PBXBuildFile section */
		EFF2F03C29D35755007FE114 /* AppDelegate.swift in Sources */ = {isa = PBXBuildFile; fileRef = EFF2F03B29D35755007FE114 /* AppDelegate.swift */; };
		EFF2F03E29D35755007FE114 /* SceneDelegate.swift in Sources */ = {isa = PBXBuildFile; fileRef = EFF2F03D29D35755007FE114 /* SceneDelegate.swift */; };
		EFF2F04029D35755007FE114 /* WordsViewController.swift in Sources */ = {isa = PBXBuildFile; fileRef = EFF2F03F29D35755007FE114 /* WordsViewController.swift */; };
		EFF2F04329D35755007FE114 /* Main.storyboard in Resources */ = {isa = PBXBuildFile; fileRef = EFF2F04129D35755007FE114 /* Main.storyboard */; };
		EFF2F04529D35756007FE114 /* Assets.xcassets in Resources */ = {isa = PBXBuildFile; fileRef = EFF2F04429D35756007FE114 /* Assets.xcassets */; };
		EFF2F04829D35756007FE114 /* LaunchScreen.storyboard in Resources */ = {isa = PBXBuildFile; fileRef = EFF2F04629D35756007FE114 /* LaunchScreen.storyboard */; };
		EFF2F05429D357C9007FE114 /* Word.swift in Sources */ = {isa = PBXBuildFile; fileRef = EFF2F05329D357C9007FE114 /* Word.swift */; };
		EFF2F05729D357EE007FE114 /* NetworkManager.swift in Sources */ = {isa = PBXBuildFile; fileRef = EFF2F05629D357EE007FE114 /* NetworkManager.swift */; };
		EFF2F05A29D35817007FE114 /* Alamofire in Frameworks */ = {isa = PBXBuildFile; productRef = EFF2F05929D35817007FE114 /* Alamofire */; };
/* End PBXBuildFile section */

/* Begin PBXFileReference section */
		EFF2F03829D35755007FE114 /* Words.app */ = {isa = PBXFileReference; explicitFileType = wrapper.application; includeInIndex = 0; path = Words.app; sourceTree = BUILT_PRODUCTS_DIR; };
		EFF2F03B29D35755007FE114 /* AppDelegate.swift */ = {isa = PBXFileReference; lastKnownFileType = sourcecode.swift; path = AppDelegate.swift; sourceTree = "<group>"; };
		EFF2F03D29D35755007FE114 /* SceneDelegate.swift */ = {isa = PBXFileReference; lastKnownFileType = sourcecode.swift; path = SceneDelegate.swift; sourceTree = "<group>"; };
		EFF2F03F29D35755007FE114 /* WordsViewController.swift */ = {isa = PBXFileReference; lastKnownFileType = sourcecode.swift; path = WordsViewController.swift; sourceTree = "<group>"; };
		EFF2F04229D35755007FE114 /* Base */ = {isa = PBXFileReference; lastKnownFileType = file.storyboard; name = Base; path = Base.lproj/Main.storyboard; sourceTree = "<group>"; };
		EFF2F04429D35756007FE114 /* Assets.xcassets */ = {isa = PBXFileReference; lastKnownFileType = folder.assetcatalog; path = Assets.xcassets; sourceTree = "<group>"; };
		EFF2F04729D35756007FE114 /* Base */ = {isa = PBXFileReference; lastKnownFileType = file.storyboard; name = Base; path = Base.lproj/LaunchScreen.storyboard; sourceTree = "<group>"; };
		EFF2F04929D35756007FE114 /* Info.plist */ = {isa = PBXFileReference; lastKnownFileType = text.plist.xml; path = Info.plist; sourceTree = "<group>"; };
		EFF2F05329D357C9007FE114 /* Word.swift */ = {isa = PBXFileReference; lastKnownFileType = sourcecode.swift; path = Word.swift; sourceTree = "<group>"; };
		EFF2F05629D357EE007FE114 /* NetworkManager.swift */ = {isa = PBXFileReference; lastKnownFileType = sourcecode.swift; path = NetworkManager.swift; sourceTree = "<group>"; };
/* End PBXFileReference section */

/* Begin PBXFrameworksBuildPhase section */
		EFF2F03529D35755007FE114 /* Frameworks */ = {
			isa = PBXFrameworksBuildPhase;
			buildActionMask = 2147483647;
			files = (
				EFF2F05A29D35817007FE114 /* Alamofire in Frameworks */,
			);
			runOnlyForDeploymentPostprocessing = 0;
		};
/* End PBXFrameworksBuildPhase section */

/* Begin PBXGroup section */
		EFF2F02F29D35755007FE114 = {
			isa = PBXGroup;
			children = (
				EFF2F03A29D35755007FE114 /* Words */,
				EFF2F03929D35755007FE114 /* Products */,
			);
			sourceTree = "<group>";
		};
		EFF2F03929D35755007FE114 /* Products */ = {
			isa = PBXGroup;
			children = (
				EFF2F03829D35755007FE114 /* Words.app */,
			);
			name = Products;
			sourceTree = "<group>";
		};
		EFF2F03A29D35755007FE114 /* Words */ = {
			isa = PBXGroup;
			children = (
				EFF2F04F29D35763007FE114 /* App */,
				EFF2F05529D357D2007FE114 /* Service */,
				EFF2F05229D357B0007FE114 /* Models */,
				EFF2F05129D357A3007FE114 /* ViewControllers */,
				EFF2F05029D3576F007FE114 /* Storyboards */,
				EFF2F05B29D36108007FE114 /* SupportingFiles */,
			);
			path = Words;
			sourceTree = "<group>";
		};
		EFF2F04F29D35763007FE114 /* App */ = {
			isa = PBXGroup;
			children = (
				EFF2F03B29D35755007FE114 /* AppDelegate.swift */,
				EFF2F03D29D35755007FE114 /* SceneDelegate.swift */,
			);
			path = App;
			sourceTree = "<group>";
		};
		EFF2F05029D3576F007FE114 /* Storyboards */ = {
			isa = PBXGroup;
			children = (
				EFF2F04129D35755007FE114 /* Main.storyboard */,
				EFF2F04629D35756007FE114 /* LaunchScreen.storyboard */,
			);
			path = Storyboards;
			sourceTree = "<group>";
		};
		EFF2F05129D357A3007FE114 /* ViewControllers */ = {
			isa = PBXGroup;
			children = (
				EFF2F03F29D35755007FE114 /* WordsViewController.swift */,
			);
			path = ViewControllers;
			sourceTree = "<group>";
		};
		EFF2F05229D357B0007FE114 /* Models */ = {
			isa = PBXGroup;
			children = (
				EFF2F05329D357C9007FE114 /* Word.swift */,
			);
			path = Models;
			sourceTree = "<group>";
		};
		EFF2F05529D357D2007FE114 /* Service */ = {
			isa = PBXGroup;
			children = (
				EFF2F05629D357EE007FE114 /* NetworkManager.swift */,
			);
			path = Service;
			sourceTree = "<group>";
		};
		EFF2F05B29D36108007FE114 /* SupportingFiles */ = {
			isa = PBXGroup;
			children = (
				EFF2F04429D35756007FE114 /* Assets.xcassets */,
				EFF2F04929D35756007FE114 /* Info.plist */,
			);
			path = SupportingFiles;
			sourceTree = "<group>";
		};
/* End PBXGroup section */

/* Begin PBXNativeTarget section */
		EFF2F03729D35755007FE114 /* Words */ = {
			isa = PBXNativeTarget;
			buildConfigurationList = EFF2F04C29D35756007FE114 /* Build configuration list for PBXNativeTarget "Words" */;
			buildPhases = (
				EFF2F03429D35755007FE114 /* Sources */,
				EFF2F03529D35755007FE114 /* Frameworks */,
				EFF2F03629D35755007FE114 /* Resources */,
			);
			buildRules = (
			);
			dependencies = (
			);
			name = Words;
			packageProductDependencies = (
				EFF2F05929D35817007FE114 /* Alamofire */,
			);
			productName = Words;
			productReference = EFF2F03829D35755007FE114 /* Words.app */;
			productType = "com.apple.product-type.application";
		};
/* End PBXNativeTarget section */

/* Begin PBXProject section */
		EFF2F03029D35755007FE114 /* Project object */ = {
			isa = PBXProject;
			attributes = {
				BuildIndependentTargetsInParallel = 1;
				LastSwiftUpdateCheck = 1420;
				LastUpgradeCheck = 1420;
				TargetAttributes = {
					EFF2F03729D35755007FE114 = {
						CreatedOnToolsVersion = 14.2;
					};
				};
			};
			buildConfigurationList = EFF2F03329D35755007FE114 /* Build configuration list for PBXProject "Words" */;
			compatibilityVersion = "Xcode 14.0";
			developmentRegion = en;
			hasScannedForEncodings = 0;
			knownRegions = (
				en,
				Base,
			);
			mainGroup = EFF2F02F29D35755007FE114;
			packageReferences = (
				EFF2F05829D35817007FE114 /* XCRemoteSwiftPackageReference "Alamofire" */,
			);
			productRefGroup = EFF2F03929D35755007FE114 /* Products */;
			projectDirPath = "";
			projectRoot = "";
			targets = (
				EFF2F03729D35755007FE114 /* Words */,
			);
		};
/* End PBXProject section */

/* Begin PBXResourcesBuildPhase section */
		EFF2F03629D35755007FE114 /* Resources */ = {
			isa = PBXResourcesBuildPhase;
			buildActionMask = 2147483647;
			files = (
				EFF2F04829D35756007FE114 /* LaunchScreen.storyboard in Resources */,
				EFF2F04529D35756007FE114 /* Assets.xcassets in Resources */,
				EFF2F04329D35755007FE114 /* Main.storyboard in Resources */,
			);
			runOnlyForDeploymentPostprocessing = 0;
		};
/* End PBXResourcesBuildPhase section */

/* Begin PBXSourcesBuildPhase section */
		EFF2F03429D35755007FE114 /* Sources */ = {
			isa = PBXSourcesBuildPhase;
			buildActionMask = 2147483647;
			files = (
				EFF2F04029D35755007FE114 /* WordsViewController.swift in Sources */,
				EFF2F05429D357C9007FE114 /* Word.swift in Sources */,
				EFF2F05729D357EE007FE114 /* NetworkManager.swift in Sources */,
				EFF2F03C29D35755007FE114 /* AppDelegate.swift in Sources */,
				EFF2F03E29D35755007FE114 /* SceneDelegate.swift in Sources */,
			);
			runOnlyForDeploymentPostprocessing = 0;
		};
/* End PBXSourcesBuildPhase section */

/* Begin PBXVariantGroup section */
		EFF2F04129D35755007FE114 /* Main.storyboard */ = {
			isa = PBXVariantGroup;
			children = (
				EFF2F04229D35755007FE114 /* Base */,
			);
			name = Main.storyboard;
			sourceTree = "<group>";
		};
		EFF2F04629D35756007FE114 /* LaunchScreen.storyboard */ = {
			isa = PBXVariantGroup;
			children = (
				EFF2F04729D35756007FE114 /* Base */,
			);
			name = LaunchScreen.storyboard;
			sourceTree = "<group>";
		};
/* End PBXVariantGroup section */

/* Begin XCBuildConfiguration section */
		EFF2F04A29D35756007FE114 /* Debug */ = {
			isa = XCBuildConfiguration;
			buildSettings = {
				ALWAYS_SEARCH_USER_PATHS = NO;
				CLANG_ANALYZER_NONNULL = YES;
				CLANG_ANALYZER_NUMBER_OBJECT_CONVERSION = YES_AGGRESSIVE;
				CLANG_CXX_LANGUAGE_STANDARD = "gnu++20";
				CLANG_ENABLE_MODULES = YES;
				CLANG_ENABLE_OBJC_ARC = YES;
				CLANG_ENABLE_OBJC_WEAK = YES;
				CLANG_WARN_BLOCK_CAPTURE_AUTORELEASING = YES;
				CLANG_WARN_BOOL_CONVERSION = YES;
				CLANG_WARN_COMMA = YES;
				CLANG_WARN_CONSTANT_CONVERSION = YES;
				CLANG_WARN_DEPRECATED_OBJC_IMPLEMENTATIONS = YES;
				CLANG_WARN_DIRECT_OBJC_ISA_USAGE = YES_ERROR;
				CLANG_WARN_DOCUMENTATION_COMMENTS = YES;
				CLANG_WARN_EMPTY_BODY = YES;
				CLANG_WARN_ENUM_CONVERSION = YES;
				CLANG_WARN_INFINITE_RECURSION = YES;
				CLANG_WARN_INT_CONVERSION = YES;
				CLANG_WARN_NON_LITERAL_NULL_CONVERSION = YES;
				CLANG_WARN_OBJC_IMPLICIT_RETAIN_SELF = YES;
				CLANG_WARN_OBJC_LITERAL_CONVERSION = YES;
				CLANG_WARN_OBJC_ROOT_CLASS = YES_ERROR;
				CLANG_WARN_QUOTED_INCLUDE_IN_FRAMEWORK_HEADER = YES;
				CLANG_WARN_RANGE_LOOP_ANALYSIS = YES;
				CLANG_WARN_STRICT_PROTOTYPES = YES;
				CLANG_WARN_SUSPICIOUS_MOVE = YES;
				CLANG_WARN_UNGUARDED_AVAILABILITY = YES_AGGRESSIVE;
				CLANG_WARN_UNREACHABLE_CODE = YES;
				CLANG_WARN__DUPLICATE_METHOD_MATCH = YES;
				COPY_PHASE_STRIP = NO;
				DEBUG_INFORMATION_FORMAT = dwarf;
				ENABLE_STRICT_OBJC_MSGSEND = YES;
				ENABLE_TESTABILITY = YES;
				GCC_C_LANGUAGE_STANDARD = gnu11;
				GCC_DYNAMIC_NO_PIC = NO;
				GCC_NO_COMMON_BLOCKS = YES;
				GCC_OPTIMIZATION_LEVEL = 0;
				GCC_PREPROCESSOR_DEFINITIONS = (
					"DEBUG=1",
					"$(inherited)",
				);
				GCC_WARN_64_TO_32_BIT_CONVERSION = YES;
				GCC_WARN_ABOUT_RETURN_TYPE = YES_ERROR;
				GCC_WARN_UNDECLARED_SELECTOR = YES;
				GCC_WARN_UNINITIALIZED_AUTOS = YES_AGGRESSIVE;
				GCC_WARN_UNUSED_FUNCTION = YES;
				GCC_WARN_UNUSED_VARIABLE = YES;
				IPHONEOS_DEPLOYMENT_TARGET = 16.2;
				MTL_ENABLE_DEBUG_INFO = INCLUDE_SOURCE;
				MTL_FAST_MATH = YES;
				ONLY_ACTIVE_ARCH = YES;
				SDKROOT = iphoneos;
				SWIFT_ACTIVE_COMPILATION_CONDITIONS = DEBUG;
				SWIFT_OPTIMIZATION_LEVEL = "-Onone";
			};
			name = Debug;
		};
		EFF2F04B29D35756007FE114 /* Release */ = {
			isa = XCBuildConfiguration;
			buildSettings = {
				ALWAYS_SEARCH_USER_PATHS = NO;
				CLANG_ANALYZER_NONNULL = YES;
				CLANG_ANALYZER_NUMBER_OBJECT_CONVERSION = YES_AGGRESSIVE;
				CLANG_CXX_LANGUAGE_STANDARD = "gnu++20";
				CLANG_ENABLE_MODULES = YES;
				CLANG_ENABLE_OBJC_ARC = YES;
				CLANG_ENABLE_OBJC_WEAK = YES;
				CLANG_WARN_BLOCK_CAPTURE_AUTORELEASING = YES;
				CLANG_WARN_BOOL_CONVERSION = YES;
				CLANG_WARN_COMMA = YES;
				CLANG_WARN_CONSTANT_CONVERSION = YES;
				CLANG_WARN_DEPRECATED_OBJC_IMPLEMENTATIONS = YES;
				CLANG_WARN_DIRECT_OBJC_ISA_USAGE = YES_ERROR;
				CLANG_WARN_DOCUMENTATION_COMMENTS = YES;
				CLANG_WARN_EMPTY_BODY = YES;
				CLANG_WARN_ENUM_CONVERSION = YES;
				CLANG_WARN_INFINITE_RECURSION = YES;
				CLANG_WARN_INT_CONVERSION = YES;
				CLANG_WARN_NON_LITERAL_NULL_CONVERSION = YES;
				CLANG_WARN_OBJC_IMPLICIT_RETAIN_SELF = YES;
				CLANG_WARN_OBJC_LITERAL_CONVERSION = YES;
				CLANG_WARN_OBJC_ROOT_CLASS = YES_ERROR;
				CLANG_WARN_QUOTED_INCLUDE_IN_FRAMEWORK_HEADER = YES;
				CLANG_WARN_RANGE_LOOP_ANALYSIS = YES;
				CLANG_WARN_STRICT_PROTOTYPES = YES;
				CLANG_WARN_SUSPICIOUS_MOVE = YES;
				CLANG_WARN_UNGUARDED_AVAILABILITY = YES_AGGRESSIVE;
				CLANG_WARN_UNREACHABLE_CODE = YES;
				CLANG_WARN__DUPLICATE_METHOD_MATCH = YES;
				COPY_PHASE_STRIP = NO;
				DEBUG_INFORMATION_FORMAT = "dwarf-with-dsym";
				ENABLE_NS_ASSERTIONS = NO;
				ENABLE_STRICT_OBJC_MSGSEND = YES;
				GCC_C_LANGUAGE_STANDARD = gnu11;
				GCC_NO_COMMON_BLOCKS = YES;
				GCC_WARN_64_TO_32_BIT_CONVERSION = YES;
				GCC_WARN_ABOUT_RETURN_TYPE = YES_ERROR;
				GCC_WARN_UNDECLARED_SELECTOR = YES;
				GCC_WARN_UNINITIALIZED_AUTOS = YES_AGGRESSIVE;
				GCC_WARN_UNUSED_FUNCTION = YES;
				GCC_WARN_UNUSED_VARIABLE = YES;
				IPHONEOS_DEPLOYMENT_TARGET = 16.2;
				MTL_ENABLE_DEBUG_INFO = NO;
				MTL_FAST_MATH = YES;
				SDKROOT = iphoneos;
				SWIFT_COMPILATION_MODE = wholemodule;
				SWIFT_OPTIMIZATION_LEVEL = "-O";
				VALIDATE_PRODUCT = YES;
			};
			name = Release;
		};
		EFF2F04D29D35756007FE114 /* Debug */ = {
			isa = XCBuildConfiguration;
			buildSettings = {
				ASSETCATALOG_COMPILER_APPICON_NAME = AppIcon;
				ASSETCATALOG_COMPILER_GLOBAL_ACCENT_COLOR_NAME = AccentColor;
				CODE_SIGN_STYLE = Automatic;
				CURRENT_PROJECT_VERSION = 1;
				DEVELOPMENT_TEAM = 5AXXJ74V2C;
				GENERATE_INFOPLIST_FILE = YES;
				INFOPLIST_FILE = Words/SupportingFiles/Info.plist;
				INFOPLIST_KEY_UIApplicationSupportsIndirectInputEvents = YES;
				INFOPLIST_KEY_UILaunchStoryboardName = LaunchScreen;
				INFOPLIST_KEY_UIMainStoryboardFile = Main;
				INFOPLIST_KEY_UISupportedInterfaceOrientations = UIInterfaceOrientationPortrait;
				INFOPLIST_KEY_UISupportedInterfaceOrientations_iPad = "UIInterfaceOrientationLandscapeLeft UIInterfaceOrientationLandscapeRight UIInterfaceOrientationPortrait UIInterfaceOrientationPortraitUpsideDown";
				LD_RUNPATH_SEARCH_PATHS = (
					"$(inherited)",
					"@executable_path/Frameworks",
				);
				MARKETING_VERSION = 1.0;
				PRODUCT_BUNDLE_IDENTIFIER = OA.Words;
				PRODUCT_NAME = "$(TARGET_NAME)";
				SUPPORTED_PLATFORMS = "iphoneos iphonesimulator";
				SUPPORTS_MACCATALYST = NO;
				SUPPORTS_MAC_DESIGNED_FOR_IPHONE_IPAD = NO;
				SWIFT_EMIT_LOC_STRINGS = YES;
				SWIFT_VERSION = 5.0;
				TARGETED_DEVICE_FAMILY = 1;
			};
			name = Debug;
		};
		EFF2F04E29D35756007FE114 /* Release */ = {
			isa = XCBuildConfiguration;
			buildSettings = {
				ASSETCATALOG_COMPILER_APPICON_NAME = AppIcon;
				ASSETCATALOG_COMPILER_GLOBAL_ACCENT_COLOR_NAME = AccentColor;
				CODE_SIGN_STYLE = Automatic;
				CURRENT_PROJECT_VERSION = 1;
				DEVELOPMENT_TEAM = 5AXXJ74V2C;
				GENERATE_INFOPLIST_FILE = YES;
				INFOPLIST_FILE = Words/SupportingFiles/Info.plist;
				INFOPLIST_KEY_UIApplicationSupportsIndirectInputEvents = YES;
				INFOPLIST_KEY_UILaunchStoryboardName = LaunchScreen;
				INFOPLIST_KEY_UIMainStoryboardFile = Main;
				INFOPLIST_KEY_UISupportedInterfaceOrientations = UIInterfaceOrientationPortrait;
				INFOPLIST_KEY_UISupportedInterfaceOrientations_iPad = "UIInterfaceOrientationLandscapeLeft UIInterfaceOrientationLandscapeRight UIInterfaceOrientationPortrait UIInterfaceOrientationPortraitUpsideDown";
				LD_RUNPATH_SEARCH_PATHS = (
					"$(inherited)",
					"@executable_path/Frameworks",
				);
				MARKETING_VERSION = 1.0;
				PRODUCT_BUNDLE_IDENTIFIER = OA.Words;
				PRODUCT_NAME = "$(TARGET_NAME)";
				SUPPORTED_PLATFORMS = "iphoneos iphonesimulator";
				SUPPORTS_MACCATALYST = NO;
				SUPPORTS_MAC_DESIGNED_FOR_IPHONE_IPAD = NO;
				SWIFT_EMIT_LOC_STRINGS = YES;
				SWIFT_VERSION = 5.0;
				TARGETED_DEVICE_FAMILY = 1;
			};
			name = Release;
		};
/* End XCBuildConfiguration section */

/* Begin XCConfigurationList section */
		EFF2F03329D35755007FE114 /* Build configuration list for PBXProject "Words" */ = {
			isa = XCConfigurationList;
			buildConfigurations = (
				EFF2F04A29D35756007FE114 /* Debug */,
				EFF2F04B29D35756007FE114 /* Release */,
			);
			defaultConfigurationIsVisible = 0;
			defaultConfigurationName = Release;
		};
		EFF2F04C29D35756007FE114 /* Build configuration list for PBXNativeTarget "Words" */ = {
			isa = XCConfigurationList;
			buildConfigurations = (
				EFF2F04D29D35756007FE114 /* Debug */,
				EFF2F04E29D35756007FE114 /* Release */,
			);
			defaultConfigurationIsVisible = 0;
			defaultConfigurationName = Release;
		};
/* End XCConfigurationList section */

/* Begin XCRemoteSwiftPackageReference section */
		EFF2F05829D35817007FE114 /* XCRemoteSwiftPackageReference "Alamofire" */ = {
			isa = XCRemoteSwiftPackageReference;
			repositoryURL = "https://github.com/Alamofire/Alamofire.git";
			requirement = {
				branch = master;
				kind = branch;
			};
		};
/* End XCRemoteSwiftPackageReference section */

/* Begin XCSwiftPackageProductDependency section */
		EFF2F05929D35817007FE114 /* Alamofire */ = {
			isa = XCSwiftPackageProductDependency;
			package = EFF2F05829D35817007FE114 /* XCRemoteSwiftPackageReference "Alamofire" */;
			productName = Alamofire;
		};
/* End XCSwiftPackageProductDependency section */
	};
	rootObject = EFF2F03029D35755007FE114 /* Project object */;
}
